
Microsoft Visual Studio Solution File, Format Version 12.00
# Visual Studio 2012
Project("{FAE04EC0-301F-11D3-BF4B-00C04F79EFBC}") = "FB_Ads_Webhook", "FB_Ads_Webhook.csproj", "{D1E111C4-66A5-4561-B260-6ABB5D78329C}"
EndProject
Global
	GlobalSection(SolutionConfigurationPlatforms) = preSolution
		Debug|Any CPU = Debug|Any CPU
		Release|Any CPU = Release|Any CPU
	EndGlobalSection
	GlobalSection(ProjectConfigurationPlatforms) = postSolution
		{D1E111C4-66A5-4561-B260-6ABB5D78329C}.Debug|Any CPU.ActiveCfg = Debug|Any CPU
		{D1E111C4-66A5-4561-B260-6ABB5D78329C}.Debug|Any CPU.Build.0 = Debug|Any CPU
		{D1E111C4-66A5-4561-B260-6ABB5D78329C}.Release|Any CPU.ActiveCfg = Release|Any CPU
		{D1E111C4-66A5-4561-B260-6ABB5D78329C}.Release|Any CPU.Build.0 = Release|Any CPU
	EndGlobalSection
EndGlobal
